lockfile_version: '1'
generated_at: '2026-06-24T21:10:48.883751+00:00'
apm_version: 0.21.0
dependencies:
- repo_url: rysweet/amplihack-rs
  host: github.com
  resolved_commit: b123c107c7ab2e3d436926747c135e78a90545b6
  virtual_path: amplifier-bundle/skills/storytelling-synthesizer
  is_virtual: true
  package_type: claude_skill
  deployed_files:
  - .agents/skills/storytelling-synthesizer
  - .agents/skills/storytelling-synthesizer/QUICK_REFERENCE.md
  - .agents/skills/storytelling-synthesizer/README.md
  - .agents/skills/storytelling-synthesizer/SKILL.md
  - .agents/skills/storytelling-synthesizer/examples/blog-post-example.md
  - .agents/skills/storytelling-synthesizer/examples/demo-script-example.md
  - .agents/skills/storytelling-synthesizer/examples/marketing-example.md
  - .agents/skills/storytelling-synthesizer/examples/presentation-example.md
  deployed_file_hashes:
    .agents/skills/storytelling-synthesizer/QUICK_REFERENCE.md: sha256:b22d197d10f2b86264fe452b322373058a7fa56dd3e20857c8adbf0a8edf0e7c
    .agents/skills/storytelling-synthesizer/README.md: sha256:558060720953bc7612f427bf922657cf249926ed9a1a3ea78255139d0c40d3a2
    .agents/skills/storytelling-synthesizer/SKILL.md: sha256:d3132f42f3f6884c93cada728c98382f3a82262cb97a3c535821031b1a628640
    .agents/skills/storytelling-synthesizer/examples/blog-post-example.md: sha256:61dbdf4780bd51f6e68af0ad5221960166b6443fd90f2a1f7a04d1faa936c6a3
    .agents/skills/storytelling-synthesizer/examples/demo-script-example.md: sha256:57092c3aa21d445fd2258ed3cd85968461d68dda157c38d9357e177c9f996f8b
    .agents/skills/storytelling-synthesizer/examples/marketing-example.md: sha256:325a2a9bd07a6935c393685d2a86b9fd67b78fec5ff18ed6c1a483562b3d4b24
    .agents/skills/storytelling-synthesizer/examples/presentation-example.md: sha256:878b1a7aa3bf15816a0de2d2b18ef4c036747682b5286e84e92b7d20c8e662a5
  content_hash: sha256:4c56c009df2a462fb0f7697c6e0369434f2d605ab57b79d6587b01020dfceef6
- repo_url: webmaxru/web-ai-agent-skills
  name: web-ai-agent-skills
  host: github.com
  resolved_commit: 5b07cef30f84fc94dc6918a2e55ae3e2c7cbc9b8
  version: unknown
  virtual_path: skills/webmcp
  is_virtual: true
  package_type: claude_skill
  deployed_files:
  - .agents/skills/webmcp
  - .agents/skills/webmcp/SKILL.md
  - .agents/skills/webmcp/assets/model-context-registry.template.ts
  - .agents/skills/webmcp/references/compatibility.md
  - .agents/skills/webmcp/references/declarative-api.md
  - .agents/skills/webmcp/references/troubleshooting.md
  - .agents/skills/webmcp/references/webmcp-reference.md
  - .agents/skills/webmcp/scripts/find-webmcp-targets.mjs
  deployed_file_hashes:
    .agents/skills/webmcp/SKILL.md: sha256:ccdff568b0316f65f81369f1991af14abf8587e197251b26556c9a8f5f9bcf0d
    .agents/skills/webmcp/assets/model-context-registry.template.ts: sha256:736efb7dec93f89875d7df1f90b4fc96c72354f5114d052b8b3ea1aaeacfab6b
    .agents/skills/webmcp/references/compatibility.md: sha256:76d4f38f17cd83faf66e675f02843a300ee39ec6948a1f0ea8ddc11fb9cedc93
    .agents/skills/webmcp/references/declarative-api.md: sha256:9d2937b284ce47e5ea61ce2a2a9beae6a649a8e91a8f9d1b85c99a53d1cae8e1
    .agents/skills/webmcp/references/troubleshooting.md: sha256:41a5483d797105b0070f0c8fac40b52a4863af6ac1d4bca88e8164197176ada7
    .agents/skills/webmcp/references/webmcp-reference.md: sha256:f16965aca0bb679255daf88969ca11db5923e384fc9b238e4fb49502cd758fce
    .agents/skills/webmcp/scripts/find-webmcp-targets.mjs: sha256:59075b57aee5f7408831e1a7b3647d3050f7bc83d0af7e268119e683d8385d4f
  content_hash: sha256:50bb4a700d38207e91072198d8180f2b877febaf6b400fc483b945eb00e61d4b
